schema: '2.0'
stages:
  annotator_performance:
    cmd: poetry run papermill code/01-annotator_performance.ipynb code/01-annotator_performance.ipynb
    deps:
    - path: code/01-annotator_performance.ipynb
      hash: md5
      md5: 578fda66a01a2c9b19ec6a2d519fa637
      size: 19647
    - path: data/labeled_data/full.csv.zip
      hash: md5
      md5: deb1823412f6e35fd2ad67c90e0dec13
      size: 1082555
    outs:
    - path: results/tables/coder_agreement.tex
      hash: md5
      md5: 728d500870ac7eba87e75f057f760278
      size: 649
  run_model:
    cmd: poetry run papermill code/02-create_gbert_model.ipynb code/02-create_gbert_model.ipynb
    deps:
    - path: code/02-create_gbert_model.ipynb
      hash: md5
      md5: 58f67ced2667afdf698334951d97f391
      size: 760343
    - path: data/labeled_data/test.csv.zip
      hash: md5
      md5: 33076ef99b0d2f2caad8cbbe01cd9239
      size: 214424
    - path: data/labeled_data/train.csv.zip
      hash: md5
      md5: 2e42df91f747a5225a5c4c8fd09adc17
      size: 867879
    outs:
    - path: results/popbert_model/
      hash: md5
      md5: 58018b8c63da35aca79fba241e3440c7.dir
      size: 1343007526
      nfiles: 2
